
Microsoft Visual Studio Solution File, Format Version 12.00
Project("{2150E333-8FDC-42A3-9474-1A3956D46DE8}") = "src", "src", "{373C2B8B-D99E-4BD8-83AA-F1CB00A18D76}"
EndProject
Project("{2150E333-8FDC-42A3-9474-1A3956D46DE8}") = "BuildingBlocks", "BuildingBlocks", "{FA78AA18-ABFC-4FA9-8D7E-9F3FD72D37DA}"
EndProject
Project("{2150E333-8FDC-42A3-9474-1A3956D46DE8}") = "EventBus", "EventBus", "{D5AA724A-89C8-4D22-8D9C-CEEC7C2A892C}"
EndProject
Project("{FAE04EC0-301F-11D3-BF4B-00C04F79EFBC}") = "EventBus", "src\BuildingBlocks\EventBus\EventBus\EventBus.csproj", "{37D5E6C2-8196-4FF2-BE91-5F1C84AF68F4}"
EndProject
Project("{FAE04EC0-301F-11D3-BF4B-00C04F79EFBC}") = "EventBusRabbitMQ", "src\BuildingBlocks\EventBus\EventBusRabbitMQ\EventBusRabbitMQ.csproj", "{FCDDADBA-2F38-4B13-93A4-F51C200A00A8}"
EndProject
Project("{2150E333-8FDC-42A3-9474-1A3956D46DE8}") = "Services", "Services", "{D0F35C4F-BFB4-4986-AA20-2273C9F2F721}"
EndProject
Project("{2150E333-8FDC-42A3-9474-1A3956D46DE8}") = "AllSample", "AllSample", "{B9C311EE-A99F-411E-B6E7-A05BAE5425BC}"
EndProject
Project("{2150E333-8FDC-42A3-9474-1A3956D46DE8}") = "rabbitmq", "rabbitmq", "{4D26D97F-1892-4C13-8310-CED19CD22A52}"
EndProject
Project("{FAE04EC0-301F-11D3-BF4B-00C04F79EFBC}") = "RabbitProduct", "src\Services\AllSample\rabbitmq\RabbitProduct\RabbitProduct.csproj", "{086CC34A-7CBA-4B90-83E2-3DE32A20E09B}"
EndProject
Project("{FAE04EC0-301F-11D3-BF4B-00C04F79EFBC}") = "RabbitStock", "src\Services\AllSample\rabbitmq\RabbitStock\RabbitStock.csproj", "{EEC68849-B3D4-4912-87B9-4369F4D929F2}"
EndProject
Project("{FAE04EC0-301F-11D3-BF4B-00C04F79EFBC}") = "CommonEvent", "src\BuildingBlocks\EventBus\CommonEvent\CommonEvent.csproj", "{88ACFF2F-9B1C-4B8F-A53B-2884EF2E2540}"
EndProject
Project("{2150E333-8FDC-42A3-9474-1A3956D46DE8}") = "ApplicationCore", "ApplicationCore", "{81253AB5-7559-4A3D-9077-13E564007D37}"
EndProject
Project("{FAE04EC0-301F-11D3-BF4B-00C04F79EFBC}") = "Application.Core", "src\BuildingBlocks\ApplicationCore\Application.Core\Application.Core.csproj", "{68A24152-0C9E-4A00-A06A-DFB393499962}"
EndProject
Project("{2150E333-8FDC-42A3-9474-1A3956D46DE8}") = "Grpc", "Grpc", "{07D1E01A-C83A-45B9-9557-74C8FA9C31E7}"
EndProject
Project("{FAE04EC0-301F-11D3-BF4B-00C04F79EFBC}") = "Proto", "src\Services\AllSample\Grpc\Proto\Proto.csproj", "{8BE71C75-D4F0-43EB-A778-4ADB47A6C5FD}"
EndProject
Project("{FAE04EC0-301F-11D3-BF4B-00C04F79EFBC}") = "GrpcServer", "src\Services\AllSample\Grpc\GrpcServer\GrpcServer.csproj", "{45FDB877-A78F-4868-A1B1-66BACFD1545A}"
EndProject
Project("{FAE04EC0-301F-11D3-BF4B-00C04F79EFBC}") = "GrpcClient", "src\Services\AllSample\Grpc\GrpcClient\GrpcClient.csproj", "{057300ED-3FD1-4233-89D7-7318E9342652}"
EndProject
Project("{2150E333-8FDC-42A3-9474-1A3956D46DE8}") = "MediatR", "MediatR", "{19085A42-19C1-4FC7-ACB1-5D49C9EF2E5A}"
EndProject
Project("{FAE04EC0-301F-11D3-BF4B-00C04F79EFBC}") = "MediatrCqrs", "src\Services\AllSample\MediatR\MediatrCqrs\MediatrCqrs.csproj", "{46D84A30-AFE3-4595-B4E9-2E0525C2E93E}"
EndProject
Project("{2150E333-8FDC-42A3-9474-1A3956D46DE8}") = "Redis", "Redis", "{E253AEFF-DF54-448A-A54A-16B28E106875}"
EndProject
Project("{FAE04EC0-301F-11D3-BF4B-00C04F79EFBC}") = "RedisCache", "src\Services\AllSample\Redis\RedisCache\RedisCache.csproj", "{0927D47F-8899-4562-9A92-6E8B09B22851}"
EndProject
Global
	GlobalSection(SolutionConfigurationPlatforms) = preSolution
		Debug|Any CPU = Debug|Any CPU
		Release|Any CPU = Release|Any CPU
	EndGlobalSection
	GlobalSection(NestedProjects) = preSolution
		{FA78AA18-ABFC-4FA9-8D7E-9F3FD72D37DA} = {373C2B8B-D99E-4BD8-83AA-F1CB00A18D76}
		{D5AA724A-89C8-4D22-8D9C-CEEC7C2A892C} = {FA78AA18-ABFC-4FA9-8D7E-9F3FD72D37DA}
		{37D5E6C2-8196-4FF2-BE91-5F1C84AF68F4} = {D5AA724A-89C8-4D22-8D9C-CEEC7C2A892C}
		{FCDDADBA-2F38-4B13-93A4-F51C200A00A8} = {D5AA724A-89C8-4D22-8D9C-CEEC7C2A892C}
		{D0F35C4F-BFB4-4986-AA20-2273C9F2F721} = {373C2B8B-D99E-4BD8-83AA-F1CB00A18D76}
		{B9C311EE-A99F-411E-B6E7-A05BAE5425BC} = {D0F35C4F-BFB4-4986-AA20-2273C9F2F721}
		{4D26D97F-1892-4C13-8310-CED19CD22A52} = {B9C311EE-A99F-411E-B6E7-A05BAE5425BC}
		{086CC34A-7CBA-4B90-83E2-3DE32A20E09B} = {4D26D97F-1892-4C13-8310-CED19CD22A52}
		{EEC68849-B3D4-4912-87B9-4369F4D929F2} = {4D26D97F-1892-4C13-8310-CED19CD22A52}
		{88ACFF2F-9B1C-4B8F-A53B-2884EF2E2540} = {D5AA724A-89C8-4D22-8D9C-CEEC7C2A892C}
		{81253AB5-7559-4A3D-9077-13E564007D37} = {FA78AA18-ABFC-4FA9-8D7E-9F3FD72D37DA}
		{68A24152-0C9E-4A00-A06A-DFB393499962} = {81253AB5-7559-4A3D-9077-13E564007D37}
		{07D1E01A-C83A-45B9-9557-74C8FA9C31E7} = {B9C311EE-A99F-411E-B6E7-A05BAE5425BC}
		{8BE71C75-D4F0-43EB-A778-4ADB47A6C5FD} = {07D1E01A-C83A-45B9-9557-74C8FA9C31E7}
		{45FDB877-A78F-4868-A1B1-66BACFD1545A} = {07D1E01A-C83A-45B9-9557-74C8FA9C31E7}
		{057300ED-3FD1-4233-89D7-7318E9342652} = {07D1E01A-C83A-45B9-9557-74C8FA9C31E7}
		{19085A42-19C1-4FC7-ACB1-5D49C9EF2E5A} = {B9C311EE-A99F-411E-B6E7-A05BAE5425BC}
		{46D84A30-AFE3-4595-B4E9-2E0525C2E93E} = {19085A42-19C1-4FC7-ACB1-5D49C9EF2E5A}
		{E253AEFF-DF54-448A-A54A-16B28E106875} = {B9C311EE-A99F-411E-B6E7-A05BAE5425BC}
		{0927D47F-8899-4562-9A92-6E8B09B22851} = {E253AEFF-DF54-448A-A54A-16B28E106875}
	EndGlobalSection
	GlobalSection(ProjectConfigurationPlatforms) = postSolution
		{37D5E6C2-8196-4FF2-BE91-5F1C84AF68F4}.Debug|Any CPU.ActiveCfg = Debug|Any CPU
		{37D5E6C2-8196-4FF2-BE91-5F1C84AF68F4}.Debug|Any CPU.Build.0 = Debug|Any CPU
		{37D5E6C2-8196-4FF2-BE91-5F1C84AF68F4}.Release|Any CPU.ActiveCfg = Release|Any CPU
		{37D5E6C2-8196-4FF2-BE91-5F1C84AF68F4}.Release|Any CPU.Build.0 = Release|Any CPU
		{FCDDADBA-2F38-4B13-93A4-F51C200A00A8}.Debug|Any CPU.ActiveCfg = Debug|Any CPU
		{FCDDADBA-2F38-4B13-93A4-F51C200A00A8}.Debug|Any CPU.Build.0 = Debug|Any CPU
		{FCDDADBA-2F38-4B13-93A4-F51C200A00A8}.Release|Any CPU.ActiveCfg = Release|Any CPU
		{FCDDADBA-2F38-4B13-93A4-F51C200A00A8}.Release|Any CPU.Build.0 = Release|Any CPU
		{086CC34A-7CBA-4B90-83E2-3DE32A20E09B}.Debug|Any CPU.ActiveCfg = Debug|Any CPU
		{086CC34A-7CBA-4B90-83E2-3DE32A20E09B}.Debug|Any CPU.Build.0 = Debug|Any CPU
		{086CC34A-7CBA-4B90-83E2-3DE32A20E09B}.Release|Any CPU.ActiveCfg = Release|Any CPU
		{086CC34A-7CBA-4B90-83E2-3DE32A20E09B}.Release|Any CPU.Build.0 = Release|Any CPU
		{EEC68849-B3D4-4912-87B9-4369F4D929F2}.Debug|Any CPU.ActiveCfg = Debug|Any CPU
		{EEC68849-B3D4-4912-87B9-4369F4D929F2}.Debug|Any CPU.Build.0 = Debug|Any CPU
		{EEC68849-B3D4-4912-87B9-4369F4D929F2}.Release|Any CPU.ActiveCfg = Release|Any CPU
		{EEC68849-B3D4-4912-87B9-4369F4D929F2}.Release|Any CPU.Build.0 = Release|Any CPU
		{88ACFF2F-9B1C-4B8F-A53B-2884EF2E2540}.Debug|Any CPU.ActiveCfg = Debug|Any CPU
		{88ACFF2F-9B1C-4B8F-A53B-2884EF2E2540}.Debug|Any CPU.Build.0 = Debug|Any CPU
		{88ACFF2F-9B1C-4B8F-A53B-2884EF2E2540}.Release|Any CPU.ActiveCfg = Release|Any CPU
		{88ACFF2F-9B1C-4B8F-A53B-2884EF2E2540}.Release|Any CPU.Build.0 = Release|Any CPU
		{68A24152-0C9E-4A00-A06A-DFB393499962}.Debug|Any CPU.ActiveCfg = Debug|Any CPU
		{68A24152-0C9E-4A00-A06A-DFB393499962}.Debug|Any CPU.Build.0 = Debug|Any CPU
		{68A24152-0C9E-4A00-A06A-DFB393499962}.Release|Any CPU.ActiveCfg = Release|Any CPU
		{68A24152-0C9E-4A00-A06A-DFB393499962}.Release|Any CPU.Build.0 = Release|Any CPU
		{8BE71C75-D4F0-43EB-A778-4ADB47A6C5FD}.Debug|Any CPU.ActiveCfg = Debug|Any CPU
		{8BE71C75-D4F0-43EB-A778-4ADB47A6C5FD}.Debug|Any CPU.Build.0 = Debug|Any CPU
		{8BE71C75-D4F0-43EB-A778-4ADB47A6C5FD}.Release|Any CPU.ActiveCfg = Release|Any CPU
		{8BE71C75-D4F0-43EB-A778-4ADB47A6C5FD}.Release|Any CPU.Build.0 = Release|Any CPU
		{45FDB877-A78F-4868-A1B1-66BACFD1545A}.Debug|Any CPU.ActiveCfg = Debug|Any CPU
		{45FDB877-A78F-4868-A1B1-66BACFD1545A}.Debug|Any CPU.Build.0 = Debug|Any CPU
		{45FDB877-A78F-4868-A1B1-66BACFD1545A}.Release|Any CPU.ActiveCfg = Release|Any CPU
		{45FDB877-A78F-4868-A1B1-66BACFD1545A}.Release|Any CPU.Build.0 = Release|Any CPU
		{057300ED-3FD1-4233-89D7-7318E9342652}.Debug|Any CPU.ActiveCfg = Debug|Any CPU
		{057300ED-3FD1-4233-89D7-7318E9342652}.Debug|Any CPU.Build.0 = Debug|Any CPU
		{057300ED-3FD1-4233-89D7-7318E9342652}.Release|Any CPU.ActiveCfg = Release|Any CPU
		{057300ED-3FD1-4233-89D7-7318E9342652}.Release|Any CPU.Build.0 = Release|Any CPU
		{46D84A30-AFE3-4595-B4E9-2E0525C2E93E}.Debug|Any CPU.ActiveCfg = Debug|Any CPU
		{46D84A30-AFE3-4595-B4E9-2E0525C2E93E}.Debug|Any CPU.Build.0 = Debug|Any CPU
		{46D84A30-AFE3-4595-B4E9-2E0525C2E93E}.Release|Any CPU.ActiveCfg = Release|Any CPU
		{46D84A30-AFE3-4595-B4E9-2E0525C2E93E}.Release|Any CPU.Build.0 = Release|Any CPU
		{0927D47F-8899-4562-9A92-6E8B09B22851}.Debug|Any CPU.ActiveCfg = Debug|Any CPU
		{0927D47F-8899-4562-9A92-6E8B09B22851}.Debug|Any CPU.Build.0 = Debug|Any CPU
		{0927D47F-8899-4562-9A92-6E8B09B22851}.Release|Any CPU.ActiveCfg = Release|Any CPU
		{0927D47F-8899-4562-9A92-6E8B09B22851}.Release|Any CPU.Build.0 = Release|Any CPU
	EndGlobalSection
EndGlobal
